
Microsoft Visual Studio Solution File, Format Version 12.00
# Visual Studio Version 17
VisualStudioVersion = 17.3.32811.315
MinimumVisualStudioVersion = 10.0.40219.1
Project("{8BC9CEB8-8B4A-11D0-8D11-00A0C91BC942}") = "1주차", "1주차\1주차.vcxproj", "{2B24C967-39D4-45D1-9AFD-B813AD3D1EF2}"
EndProject
Project("{8BC9CEB8-8B4A-11D0-8D11-00A0C91BC942}") = "3주차-1번", "3주차\3주차.vcxproj", "{446B5599-0A96-4761-AB10-B54742E51A88}"
EndProject
Project("{8BC9CEB8-8B4A-11D0-8D11-00A0C91BC942}") = "2주차-1번", "2주차-1번\2주차-1번.vcxproj", "{6B14B6E3-AE8C-4414-939D-6032AA20CE8C}"
EndProject
Project("{8BC9CEB8-8B4A-11D0-8D11-00A0C91BC942}") = "2주차-2번", "2주차-2번\2주차-2번.vcxproj", "{AF902F16-024F-4F7D-86BA-2DDB24BE4BB0}"
EndProject
Project("{8BC9CEB8-8B4A-11D0-8D11-00A0C91BC942}") = "메모장", "메모장\메모장.vcxproj", "{3C6E1195-B8C4-4095-83C1-72544B4EFD8B}"
EndProject
Project("{8BC9CEB8-8B4A-11D0-8D11-00A0C91BC942}") = "중간고사", "중간고사\중간고사.vcxproj", "{79FE9BF2-DAFD-4110-A654-5C64AD621131}"
EndProject
Project("{8BC9CEB8-8B4A-11D0-8D11-00A0C91BC942}") = "3주차-1번review1", "3주차-1번_review1\3주차-1번_review1.vcxproj", "{86D34048-4A51-466F-8E3C-67AD93BCF4C4}"
EndProject
Project("{8BC9CEB8-8B4A-11D0-8D11-00A0C91BC942}") = "3주차-1번review2", "3주차 -1번review2\3주차 -1번review2.vcxproj", "{708547EA-16FA-4565-9F6E-4ABBEA7C01E5}"
EndProject
Project("{8BC9CEB8-8B4A-11D0-8D11-00A0C91BC942}") = "메모장2", "메모장2\메모장2.vcxproj", "{2A09A217-3C35-418C-B93A-164BC06DB106}"
EndProject
Project("{8BC9CEB8-8B4A-11D0-8D11-00A0C91BC942}") = "3주차-1번review3", "3주차-1번review3\3주차-1번review3.vcxproj", "{446863F0-5948-46B4-A775-0E2DE97714E1}"
EndProject
Project("{8BC9CEB8-8B4A-11D0-8D11-00A0C91BC942}") = "3주차-2번", "3주차-2번\3주차-2번.vcxproj", "{BBAC0D52-53A0-4041-AAF7-49D1C8C309E1}"
EndProject
Project("{8BC9CEB8-8B4A-11D0-8D11-00A0C91BC942}") = "4주차-1번", "4주차-1번\4주차-1번.vcxproj", "{168404F9-3216-4337-8B17-B8C492611033}"
EndProject
Project("{8BC9CEB8-8B4A-11D0-8D11-00A0C91BC942}") = "5주차-1번[합병정렬]", "5주차-1번\5주차-1번.vcxproj", "{3515983D-9ACF-463E-8B61-157832D3FCCF}"
EndProject
Project("{8BC9CEB8-8B4A-11D0-8D11-00A0C91BC942}") = "5주차-2[퀵정렬]", "5주차-2[퀵정렬]\5주차-2[퀵정렬].vcxproj", "{18691C34-AB4C-4FBD-9D20-BD7D9DF19B9B}"
EndProject
Project("{8BC9CEB8-8B4A-11D0-8D11-00A0C91BC942}") = "6주차-1번", "6주차-1번\6주차-1번.vcxproj", "{B46FA826-C7CC-4730-A674-DED45AE11F37}"
EndProject
Project("{8BC9CEB8-8B4A-11D0-8D11-00A0C91BC942}") = "6주차-2번", "6주차-2번\6주차-2번.vcxproj", "{59EBA640-914E-4E36-AFFA-36E48CA658A1}"
EndProject
Project("{8BC9CEB8-8B4A-11D0-8D11-00A0C91BC942}") = "6주차-3번", "6-3번\6-3번.vcxproj", "{1E1FEBBE-7449-4A00-BAC0-AE9FBE18978D}"
EndProject
Global
	GlobalSection(SolutionConfigurationPlatforms) = preSolution
		Debug|x64 = Debug|x64
		Debug|x86 = Debug|x86
		Release|x64 = Release|x64
		Release|x86 = Release|x86
	EndGlobalSection
	GlobalSection(ProjectConfigurationPlatforms) = postSolution
		{2B24C967-39D4-45D1-9AFD-B813AD3D1EF2}.Debug|x64.ActiveCfg = Debug|x64
		{2B24C967-39D4-45D1-9AFD-B813AD3D1EF2}.Debug|x64.Build.0 = Debug|x64
		{2B24C967-39D4-45D1-9AFD-B813AD3D1EF2}.Debug|x86.ActiveCfg = Debug|Win32
		{2B24C967-39D4-45D1-9AFD-B813AD3D1EF2}.Debug|x86.Build.0 = Debug|Win32
		{2B24C967-39D4-45D1-9AFD-B813AD3D1EF2}.Release|x64.ActiveCfg = Release|x64
		{2B24C967-39D4-45D1-9AFD-B813AD3D1EF2}.Release|x64.Build.0 = Release|x64
		{2B24C967-39D4-45D1-9AFD-B813AD3D1EF2}.Release|x86.ActiveCfg = Release|Win32
		{2B24C967-39D4-45D1-9AFD-B813AD3D1EF2}.Release|x86.Build.0 = Release|Win32
		{446B5599-0A96-4761-AB10-B54742E51A88}.Debug|x64.ActiveCfg = Debug|x64
		{446B5599-0A96-4761-AB10-B54742E51A88}.Debug|x64.Build.0 = Debug|x64
		{446B5599-0A96-4761-AB10-B54742E51A88}.Debug|x86.ActiveCfg = Debug|Win32
		{446B5599-0A96-4761-AB10-B54742E51A88}.Debug|x86.Build.0 = Debug|Win32
		{446B5599-0A96-4761-AB10-B54742E51A88}.Release|x64.ActiveCfg = Release|x64
		{446B5599-0A96-4761-AB10-B54742E51A88}.Release|x64.Build.0 = Release|x64
		{446B5599-0A96-4761-AB10-B54742E51A88}.Release|x86.ActiveCfg = Release|Win32
		{446B5599-0A96-4761-AB10-B54742E51A88}.Release|x86.Build.0 = Release|Win32
		{6B14B6E3-AE8C-4414-939D-6032AA20CE8C}.Debug|x64.ActiveCfg = Debug|x64
		{6B14B6E3-AE8C-4414-939D-6032AA20CE8C}.Debug|x64.Build.0 = Debug|x64
		{6B14B6E3-AE8C-4414-939D-6032AA20CE8C}.Debug|x86.ActiveCfg = Debug|Win32
		{6B14B6E3-AE8C-4414-939D-6032AA20CE8C}.Debug|x86.Build.0 = Debug|Win32
		{6B14B6E3-AE8C-4414-939D-6032AA20CE8C}.Release|x64.ActiveCfg = Release|x64
		{6B14B6E3-AE8C-4414-939D-6032AA20CE8C}.Release|x64.Build.0 = Release|x64
		{6B14B6E3-AE8C-4414-939D-6032AA20CE8C}.Release|x86.ActiveCfg = Release|Win32
		{6B14B6E3-AE8C-4414-939D-6032AA20CE8C}.Release|x86.Build.0 = Release|Win32
		{AF902F16-024F-4F7D-86BA-2DDB24BE4BB0}.Debug|x64.ActiveCfg = Debug|x64
		{AF902F16-024F-4F7D-86BA-2DDB24BE4BB0}.Debug|x64.Build.0 = Debug|x64
		{AF902F16-024F-4F7D-86BA-2DDB24BE4BB0}.Debug|x86.ActiveCfg = Debug|Win32
		{AF902F16-024F-4F7D-86BA-2DDB24BE4BB0}.Debug|x86.Build.0 = Debug|Win32
		{AF902F16-024F-4F7D-86BA-2DDB24BE4BB0}.Release|x64.ActiveCfg = Release|x64
		{AF902F16-024F-4F7D-86BA-2DDB24BE4BB0}.Release|x64.Build.0 = Release|x64
		{AF902F16-024F-4F7D-86BA-2DDB24BE4BB0}.Release|x86.ActiveCfg = Release|Win32
		{AF902F16-024F-4F7D-86BA-2DDB24BE4BB0}.Release|x86.Build.0 = Release|Win32
		{3C6E1195-B8C4-4095-83C1-72544B4EFD8B}.Debug|x64.ActiveCfg = Debug|x64
		{3C6E1195-B8C4-4095-83C1-72544B4EFD8B}.Debug|x64.Build.0 = Debug|x64
		{3C6E1195-B8C4-4095-83C1-72544B4EFD8B}.Debug|x86.ActiveCfg = Debug|Win32
		{3C6E1195-B8C4-4095-83C1-72544B4EFD8B}.Debug|x86.Build.0 = Debug|Win32
		{3C6E1195-B8C4-4095-83C1-72544B4EFD8B}.Release|x64.ActiveCfg = Release|x64
		{3C6E1195-B8C4-4095-83C1-72544B4EFD8B}.Release|x64.Build.0 = Release|x64
		{3C6E1195-B8C4-4095-83C1-72544B4EFD8B}.Release|x86.ActiveCfg = Release|Win32
		{3C6E1195-B8C4-4095-83C1-72544B4EFD8B}.Release|x86.Build.0 = Release|Win32
		{79FE9BF2-DAFD-4110-A654-5C64AD621131}.Debug|x64.ActiveCfg = Debug|x64
		{79FE9BF2-DAFD-4110-A654-5C64AD621131}.Debug|x64.Build.0 = Debug|x64
		{79FE9BF2-DAFD-4110-A654-5C64AD621131}.Debug|x86.ActiveCfg = Debug|Win32
		{79FE9BF2-DAFD-4110-A654-5C64AD621131}.Debug|x86.Build.0 = Debug|Win32
		{79FE9BF2-DAFD-4110-A654-5C64AD621131}.Release|x64.ActiveCfg = Release|x64
		{79FE9BF2-DAFD-4110-A654-5C64AD621131}.Release|x64.Build.0 = Release|x64
		{79FE9BF2-DAFD-4110-A654-5C64AD621131}.Release|x86.ActiveCfg = Release|Win32
		{79FE9BF2-DAFD-4110-A654-5C64AD621131}.Release|x86.Build.0 = Release|Win32
		{86D34048-4A51-466F-8E3C-67AD93BCF4C4}.Debug|x64.ActiveCfg = Debug|x64
		{86D34048-4A51-466F-8E3C-67AD93BCF4C4}.Debug|x64.Build.0 = Debug|x64
		{86D34048-4A51-466F-8E3C-67AD93BCF4C4}.Debug|x86.ActiveCfg = Debug|Win32
		{86D34048-4A51-466F-8E3C-67AD93BCF4C4}.Debug|x86.Build.0 = Debug|Win32
		{86D34048-4A51-466F-8E3C-67AD93BCF4C4}.Release|x64.ActiveCfg = Release|x64
		{86D34048-4A51-466F-8E3C-67AD93BCF4C4}.Release|x64.Build.0 = Release|x64
		{86D34048-4A51-466F-8E3C-67AD93BCF4C4}.Release|x86.ActiveCfg = Release|Win32
		{86D34048-4A51-466F-8E3C-67AD93BCF4C4}.Release|x86.Build.0 = Release|Win32
		{708547EA-16FA-4565-9F6E-4ABBEA7C01E5}.Debug|x64.ActiveCfg = Debug|x64
		{708547EA-16FA-4565-9F6E-4ABBEA7C01E5}.Debug|x64.Build.0 = Debug|x64
		{708547EA-16FA-4565-9F6E-4ABBEA7C01E5}.Debug|x86.ActiveCfg = Debug|Win32
		{708547EA-16FA-4565-9F6E-4ABBEA7C01E5}.Debug|x86.Build.0 = Debug|Win32
		{708547EA-16FA-4565-9F6E-4ABBEA7C01E5}.Release|x64.ActiveCfg = Release|x64
		{708547EA-16FA-4565-9F6E-4ABBEA7C01E5}.Release|x64.Build.0 = Release|x64
		{708547EA-16FA-4565-9F6E-4ABBEA7C01E5}.Release|x86.ActiveCfg = Release|Win32
		{708547EA-16FA-4565-9F6E-4ABBEA7C01E5}.Release|x86.Build.0 = Release|Win32
		{2A09A217-3C35-418C-B93A-164BC06DB106}.Debug|x64.ActiveCfg = Debug|x64
		{2A09A217-3C35-418C-B93A-164BC06DB106}.Debug|x64.Build.0 = Debug|x64
		{2A09A217-3C35-418C-B93A-164BC06DB106}.Debug|x86.ActiveCfg = Debug|Win32
		{2A09A217-3C35-418C-B93A-164BC06DB106}.Debug|x86.Build.0 = Debug|Win32
		{2A09A217-3C35-418C-B93A-164BC06DB106}.Release|x64.ActiveCfg = Release|x64
		{2A09A217-3C35-418C-B93A-164BC06DB106}.Release|x64.Build.0 = Release|x64
		{2A09A217-3C35-418C-B93A-164BC06DB106}.Release|x86.ActiveCfg = Release|Win32
		{2A09A217-3C35-418C-B93A-164BC06DB106}.Release|x86.Build.0 = Release|Win32
		{446863F0-5948-46B4-A775-0E2DE97714E1}.Debug|x64.ActiveCfg = Debug|x64
		{446863F0-5948-46B4-A775-0E2DE97714E1}.Debug|x64.Build.0 = Debug|x64
		{446863F0-5948-46B4-A775-0E2DE97714E1}.Debug|x86.ActiveCfg = Debug|Win32
		{446863F0-5948-46B4-A775-0E2DE97714E1}.Debug|x86.Build.0 = Debug|Win32
		{446863F0-5948-46B4-A775-0E2DE97714E1}.Release|x64.ActiveCfg = Release|x64
		{446863F0-5948-46B4-A775-0E2DE97714E1}.Release|x64.Build.0 = Release|x64
		{446863F0-5948-46B4-A775-0E2DE97714E1}.Release|x86.ActiveCfg = Release|Win32
		{446863F0-5948-46B4-A775-0E2DE97714E1}.Release|x86.Build.0 = Release|Win32
		{BBAC0D52-53A0-4041-AAF7-49D1C8C309E1}.Debug|x64.ActiveCfg = Debug|x64
		{BBAC0D52-53A0-4041-AAF7-49D1C8C309E1}.Debug|x64.Build.0 = Debug|x64
		{BBAC0D52-53A0-4041-AAF7-49D1C8C309E1}.Debug|x86.ActiveCfg = Debug|Win32
		{BBAC0D52-53A0-4041-AAF7-49D1C8C309E1}.Debug|x86.Build.0 = Debug|Win32
		{BBAC0D52-53A0-4041-AAF7-49D1C8C309E1}.Release|x64.ActiveCfg = Release|x64
		{BBAC0D52-53A0-4041-AAF7-49D1C8C309E1}.Release|x64.Build.0 = Release|x64
		{BBAC0D52-53A0-4041-AAF7-49D1C8C309E1}.Release|x86.ActiveCfg = Release|Win32
		{BBAC0D52-53A0-4041-AAF7-49D1C8C309E1}.Release|x86.Build.0 = Release|Win32
		{168404F9-3216-4337-8B17-B8C492611033}.Debug|x64.ActiveCfg = Debug|x64
		{168404F9-3216-4337-8B17-B8C492611033}.Debug|x64.Build.0 = Debug|x64
		{168404F9-3216-4337-8B17-B8C492611033}.Debug|x86.ActiveCfg = Debug|Win32
		{168404F9-3216-4337-8B17-B8C492611033}.Debug|x86.Build.0 = Debug|Win32
		{168404F9-3216-4337-8B17-B8C492611033}.Release|x64.ActiveCfg = Release|x64
		{168404F9-3216-4337-8B17-B8C492611033}.Release|x64.Build.0 = Release|x64
		{168404F9-3216-4337-8B17-B8C492611033}.Release|x86.ActiveCfg = Release|Win32
		{168404F9-3216-4337-8B17-B8C492611033}.Release|x86.Build.0 = Release|Win32
		{3515983D-9ACF-463E-8B61-157832D3FCCF}.Debug|x64.ActiveCfg = Debug|x64
		{3515983D-9ACF-463E-8B61-157832D3FCCF}.Debug|x64.Build.0 = Debug|x64
		{3515983D-9ACF-463E-8B61-157832D3FCCF}.Debug|x86.ActiveCfg = Debug|Win32
		{3515983D-9ACF-463E-8B61-157832D3FCCF}.Debug|x86.Build.0 = Debug|Win32
		{3515983D-9ACF-463E-8B61-157832D3FCCF}.Release|x64.ActiveCfg = Release|x64
		{3515983D-9ACF-463E-8B61-157832D3FCCF}.Release|x64.Build.0 = Release|x64
		{3515983D-9ACF-463E-8B61-157832D3FCCF}.Release|x86.ActiveCfg = Release|Win32
		{3515983D-9ACF-463E-8B61-157832D3FCCF}.Release|x86.Build.0 = Release|Win32
		{18691C34-AB4C-4FBD-9D20-BD7D9DF19B9B}.Debug|x64.ActiveCfg = Debug|x64
		{18691C34-AB4C-4FBD-9D20-BD7D9DF19B9B}.Debug|x64.Build.0 = Debug|x64
		{18691C34-AB4C-4FBD-9D20-BD7D9DF19B9B}.Debug|x86.ActiveCfg = Debug|Win32
		{18691C34-AB4C-4FBD-9D20-BD7D9DF19B9B}.Debug|x86.Build.0 = Debug|Win32
		{18691C34-AB4C-4FBD-9D20-BD7D9DF19B9B}.Release|x64.ActiveCfg = Release|x64
		{18691C34-AB4C-4FBD-9D20-BD7D9DF19B9B}.Release|x64.Build.0 = Release|x64
		{18691C34-AB4C-4FBD-9D20-BD7D9DF19B9B}.Release|x86.ActiveCfg = Release|Win32
		{18691C34-AB4C-4FBD-9D20-BD7D9DF19B9B}.Release|x86.Build.0 = Release|Win32
		{B46FA826-C7CC-4730-A674-DED45AE11F37}.Debug|x64.ActiveCfg = Debug|x64
		{B46FA826-C7CC-4730-A674-DED45AE11F37}.Debug|x64.Build.0 = Debug|x64
		{B46FA826-C7CC-4730-A674-DED45AE11F37}.Debug|x86.ActiveCfg = Debug|Win32
		{B46FA826-C7CC-4730-A674-DED45AE11F37}.Debug|x86.Build.0 = Debug|Win32
		{B46FA826-C7CC-4730-A674-DED45AE11F37}.Release|x64.ActiveCfg = Release|x64
		{B46FA826-C7CC-4730-A674-DED45AE11F37}.Release|x64.Build.0 = Release|x64
		{B46FA826-C7CC-4730-A674-DED45AE11F37}.Release|x86.ActiveCfg = Release|Win32
		{B46FA826-C7CC-4730-A674-DED45AE11F37}.Release|x86.Build.0 = Release|Win32
		{59EBA640-914E-4E36-AFFA-36E48CA658A1}.Debug|x64.ActiveCfg = Debug|x64
		{59EBA640-914E-4E36-AFFA-36E48CA658A1}.Debug|x64.Build.0 = Debug|x64
		{59EBA640-914E-4E36-AFFA-36E48CA658A1}.Debug|x86.ActiveCfg = Debug|Win32
		{59EBA640-914E-4E36-AFFA-36E48CA658A1}.Debug|x86.Build.0 = Debug|Win32
		{59EBA640-914E-4E36-AFFA-36E48CA658A1}.Release|x64.ActiveCfg = Release|x64
		{59EBA640-914E-4E36-AFFA-36E48CA658A1}.Release|x64.Build.0 = Release|x64
		{59EBA640-914E-4E36-AFFA-36E48CA658A1}.Release|x86.ActiveCfg = Release|Win32
		{59EBA640-914E-4E36-AFFA-36E48CA658A1}.Release|x86.Build.0 = Release|Win32
		{1E1FEBBE-7449-4A00-BAC0-AE9FBE18978D}.Debug|x64.ActiveCfg = Debug|x64
		{1E1FEBBE-7449-4A00-BAC0-AE9FBE18978D}.Debug|x64.Build.0 = Debug|x64
		{1E1FEBBE-7449-4A00-BAC0-AE9FBE18978D}.Debug|x86.ActiveCfg = Debug|Win32
		{1E1FEBBE-7449-4A00-BAC0-AE9FBE18978D}.Debug|x86.Build.0 = Debug|Win32
		{1E1FEBBE-7449-4A00-BAC0-AE9FBE18978D}.Release|x64.ActiveCfg = Release|x64
		{1E1FEBBE-7449-4A00-BAC0-AE9FBE18978D}.Release|x64.Build.0 = Release|x64
		{1E1FEBBE-7449-4A00-BAC0-AE9FBE18978D}.Release|x86.ActiveCfg = Release|Win32
		{1E1FEBBE-7449-4A00-BAC0-AE9FBE18978D}.Release|x86.Build.0 = Release|Win32
	EndGlobalSection
	GlobalSection(SolutionProperties) = preSolution
		HideSolutionNode = FALSE
	EndGlobalSection
	GlobalSection(ExtensibilityGlobals) = postSolution
		SolutionGuid = {00B0AC67-2D35-45BD-971B-EB3B1529517D}
	EndGlobalSection
EndGlobal
